
Microsoft Visual Studio Solution File, Format Version 12.00
# Visual Studio Version 16
VisualStudioVersion = 16.0.31321.278
MinimumVisualStudioVersion = 10.0.40219.1
Project("{FAE04EC0-301F-11D3-BF4B-00C04F79EFBC}") = "TP1", "TP1\TP1.csproj", "{F00CBEC6-4552-4C3E-BEE2-525809FE7702}"
EndProject
Global
	GlobalSection(SolutionConfigurationPlatforms) = preSolution
		Debug|Any CPU = Debug|Any CPU
		Release|Any CPU = Release|Any CPU
	EndGlobalSection
	GlobalSection(ProjectConfigurationPlatforms) = postSolution
		{F00CBEC6-4552-4C3E-BEE2-525809FE7702}.Debug|Any CPU.ActiveCfg = Debug|Any CPU
		{F00CBEC6-4552-4C3E-BEE2-525809FE7702}.Debug|Any CPU.Build.0 = Debug|Any CPU
		{F00CBEC6-4552-4C3E-BEE2-525809FE7702}.Release|Any CPU.ActiveCfg = Release|Any CPU
		{F00CBEC6-4552-4C3E-BEE2-525809FE7702}.Release|Any CPU.Build.0 = Release|Any CPU
	EndGlobalSection
	GlobalSection(SolutionProperties) = preSolution
		HideSolutionNode = FALSE
	EndGlobalSection
	GlobalSection(ExtensibilityGlobals) = postSolution
		SolutionGuid = {5E13CAF8-AB84-4B74-B111-4D979024D67C}
	EndGlobalSection
EndGlobal
